// !$*UTF8*$!
{
	archiveVersion = 1;
	classes = {
	};
	objectVersion = 50;
	objects = {

/* Begin PBXBuildFile section */
		90B82A3220B6AB64000540F9 /* AppDelegate.m in Sources */ = {isa = PBXBuildFile; fileRef = 90B82A3120B6AB64000540F9 /* AppDelegate.m */; };
		90B82A3520B6AB64000540F9 /* ViewController.m in Sources */ = {isa = PBXBuildFile; fileRef = 90B82A3420B6AB64000540F9 /* ViewController.m */; };
		90B82A3820B6AB64000540F9 /* Main.storyboard in Resources */ = {isa = PBXBuildFile; fileRef = 90B82A3620B6AB64000540F9 /* Main.storyboard */; };
		90B82A3A20B6AB65000540F9 /* Assets.xcassets in Resources */ = {isa = PBXBuildFile; fileRef = 90B82A3920B6AB65000540F9 /* Assets.xcassets */; };
		90B82A3D20B6AB65000540F9 /* LaunchScreen.storyboard in Resources */ = {isa = PBXBuildFile; fileRef = 90B82A3B20B6AB65000540F9 /* LaunchScreen.storyboard */; };
		90B82A4020B6AB65000540F9 /* main.m in Sources */ = {isa = PBXBuildFile; fileRef = 90B82A3F20B6AB65000540F9 /* main.m */; };
		90B82A5220B6ADB7000540F9 /* HDMessageViewController.m in Sources */ = {isa = PBXBuildFile; fileRef = 90B82A4B20B6ADB7000540F9 /* HDMessageViewController.m */; };
		90C6D6ED20B6D60400F773D3 /* HDToolBar.m in Sources */ = {isa = PBXBuildFile; fileRef = 90C6D6EC20B6D60400F773D3 /* HDToolBar.m */; };
		90C6D6F120B6D80A00F773D3 /* HDNavigationController.m in Sources */ = {isa = PBXBuildFile; fileRef = 90C6D6F020B6D80A00F773D3 /* HDNavigationController.m */; };
/* End PBXBuildFile section */

/* Begin PBXFileReference section */
		90B82A2D20B6AB64000540F9 /* HDUIKit.app */ = {isa = PBXFileReference; explicitFileType = wrapper.application; includeInIndex = 0; path = HDUIKit.app; sourceTree = BUILT_PRODUCTS_DIR; };
		90B82A3020B6AB64000540F9 /* AppDelegate.h */ = {isa = PBXFileReference; lastKnownFileType = sourcecode.c.h; path = AppDelegate.h; sourceTree = "<group>"; };
		90B82A3120B6AB64000540F9 /* AppDelegate.m */ = {isa = PBXFileReference; lastKnownFileType = sourcecode.c.objc; path = AppDelegate.m; sourceTree = "<group>"; };
		90B82A3320B6AB64000540F9 /* ViewController.h */ = {isa = PBXFileReference; lastKnownFileType = sourcecode.c.h; path = ViewController.h; sourceTree = "<group>"; };
		90B82A3420B6AB64000540F9 /* ViewController.m */ = {isa = PBXFileReference; lastKnownFileType = sourcecode.c.objc; path = ViewController.m; sourceTree = "<group>"; };
		90B82A3720B6AB64000540F9 /* Base */ = {isa = PBXFileReference; lastKnownFileType = file.storyboard; name = Base; path = Base.lproj/Main.storyboard; sourceTree = "<group>"; };
		90B82A3920B6AB65000540F9 /* Assets.xcassets */ = {isa = PBXFileReference; lastKnownFileType = folder.assetcatalog; path = Assets.xcassets; sourceTree = "<group>"; };
		90B82A3C20B6AB65000540F9 /* Base */ = {isa = PBXFileReference; lastKnownFileType = file.storyboard; name = Base; path = Base.lproj/LaunchScreen.storyboard; sourceTree = "<group>"; };
		90B82A3E20B6AB65000540F9 /* Info.plist */ = {isa = PBXFileReference; lastKnownFileType = text.plist.xml; path = Info.plist; sourceTree = "<group>"; };
		90B82A3F20B6AB65000540F9 /* main.m */ = {isa = PBXFileReference; lastKnownFileType = sourcecode.c.objc; path = main.m; sourceTree = "<group>"; };
		90B82A4B20B6ADB7000540F9 /* HDMessageViewController.m */ = {isa = PBXFileReference; fileEncoding = 4; lastKnownFileType = sourcecode.c.objc; path = HDMessageViewController.m; sourceTree = "<group>"; };
		90B82A4C20B6ADB7000540F9 /* HDMessageViewController.h */ = {isa = PBXFileReference; fileEncoding = 4; lastKnownFileType = sourcecode.c.h; path = HDMessageViewController.h; sourceTree = "<group>"; };
		90C6D6EB20B6D60400F773D3 /* HDToolBar.h */ = {isa = PBXFileReference; lastKnownFileType = sourcecode.c.h; path = HDToolBar.h; sourceTree = "<group>"; };
		90C6D6EC20B6D60400F773D3 /* HDToolBar.m */ = {isa = PBXFileReference; lastKnownFileType = sourcecode.c.objc; path = HDToolBar.m; sourceTree = "<group>"; };
		90C6D6EF20B6D80A00F773D3 /* HDNavigationController.h */ = {isa = PBXFileReference; lastKnownFileType = sourcecode.c.h; path = HDNavigationController.h; sourceTree = "<group>"; };
		90C6D6F020B6D80A00F773D3 /* HDNavigationController.m */ = {isa = PBXFileReference; lastKnownFileType = sourcecode.c.objc; path = HDNavigationController.m; sourceTree = "<group>"; };
/* End PBXFileReference section */

/* Begin PBXFrameworksBuildPhase section */
		90B82A2A20B6AB64000540F9 /* Frameworks */ = {
			isa = PBXFrameworksBuildPhase;
			buildActionMask = 2147483647;
			files = (
			);
			runOnlyForDeploymentPostprocessing = 0;
		};
/* End PBXFrameworksBuildPhase section */

/* Begin PBXGroup section */
		90B82A2420B6AB64000540F9 = {
			isa = PBXGroup;
			children = (
				90B82A2F20B6AB64000540F9 /* HDUIKit */,
				90B82A2E20B6AB64000540F9 /* Products */,
			);
			sourceTree = "<group>";
		};
		90B82A2E20B6AB64000540F9 /* Products */ = {
			isa = PBXGroup;
			children = (
				90B82A2D20B6AB64000540F9 /* HDUIKit.app */,
			);
			name = Products;
			sourceTree = "<group>";
		};
		90B82A2F20B6AB64000540F9 /* HDUIKit */ = {
			isa = PBXGroup;
			children = (
				90B82A4920B6ADB7000540F9 /* HDUIKit */,
				90B82A3020B6AB64000540F9 /* AppDelegate.h */,
				90B82A3120B6AB64000540F9 /* AppDelegate.m */,
				90B82A3320B6AB64000540F9 /* ViewController.h */,
				90B82A3420B6AB64000540F9 /* ViewController.m */,
				90B82A3620B6AB64000540F9 /* Main.storyboard */,
				90B82A3920B6AB65000540F9 /* Assets.xcassets */,
				90B82A3B20B6AB65000540F9 /* LaunchScreen.storyboard */,
				90B82A3E20B6AB65000540F9 /* Info.plist */,
				90B82A3F20B6AB65000540F9 /* main.m */,
			);
			path = HDUIKit;
			sourceTree = "<group>";
		};
		90B82A4920B6ADB7000540F9 /* HDUIKit */ = {
			isa = PBXGroup;
			children = (
				90C6D6EE20B6D7FA00F773D3 /* HDNavigationController */,
				90B82A4A20B6ADB7000540F9 /* HDMessageViewController */,
			);
			path = HDUIKit;
			sourceTree = "<group>";
		};
		90B82A4A20B6ADB7000540F9 /* HDMessageViewController */ = {
			isa = PBXGroup;
			children = (
				90B82A4C20B6ADB7000540F9 /* HDMessageViewController.h */,
				90B82A4B20B6ADB7000540F9 /* HDMessageViewController.m */,
				90B82A4D20B6ADB7000540F9 /* HDToolBar */,
			);
			path = HDMessageViewController;
			sourceTree = "<group>";
		};
		90B82A4D20B6ADB7000540F9 /* HDToolBar */ = {
			isa = PBXGroup;
			children = (
				90B82A4E20B6ADB7000540F9 /* HDMoreView */,
				90B82A4F20B6ADB7000540F9 /* HDVoiceView */,
				90B82A5020B6ADB7000540F9 /* HDFaceView */,
				90B82A5120B6ADB7000540F9 /* HDEmojiView */,
				90C6D6EB20B6D60400F773D3 /* HDToolBar.h */,
				90C6D6EC20B6D60400F773D3 /* HDToolBar.m */,
			);
			path = HDToolBar;
			sourceTree = "<group>";
		};
		90B82A4E20B6ADB7000540F9 /* HDMoreView */ = {
			isa = PBXGroup;
			children = (
			);
			path = HDMoreView;
			sourceTree = "<group>";
		};
		90B82A4F20B6ADB7000540F9 /* HDVoiceView */ = {
			isa = PBXGroup;
			children = (
			);
			path = HDVoiceView;
			sourceTree = "<group>";
		};
		90B82A5020B6ADB7000540F9 /* HDFaceView */ = {
			isa = PBXGroup;
			children = (
			);
			path = HDFaceView;
			sourceTree = "<group>";
		};
		90B82A5120B6ADB7000540F9 /* HDEmojiView */ = {
			isa = PBXGroup;
			children = (
			);
			path = HDEmojiView;
			sourceTree = "<group>";
		};
		90C6D6EE20B6D7FA00F773D3 /* HDNavigationController */ = {
			isa = PBXGroup;
			children = (
				90C6D6EF20B6D80A00F773D3 /* HDNavigationController.h */,
				90C6D6F020B6D80A00F773D3 /* HDNavigationController.m */,
			);
			path = HDNavigationController;
			sourceTree = "<group>";
		};
/* End PBXGroup section */

/* Begin PBXNativeTarget section */
		90B82A2C20B6AB64000540F9 /* HDUIKit */ = {
			isa = PBXNativeTarget;
			buildConfigurationList = 90B82A4320B6AB65000540F9 /* Build configuration list for PBXNativeTarget "HDUIKit" */;
			buildPhases = (
				90B82A2920B6AB64000540F9 /* Sources */,
				90B82A2A20B6AB64000540F9 /* Frameworks */,
				90B82A2B20B6AB64000540F9 /* Resources */,
			);
			buildRules = (
			);
			dependencies = (
			);
			name = HDUIKit;
			productName = HDUIKit;
			productReference = 90B82A2D20B6AB64000540F9 /* HDUIKit.app */;
			productType = "com.apple.product-type.application";
		};
/* End PBXNativeTarget section */

/* Begin PBXProject section */
		90B82A2520B6AB64000540F9 /* Project object */ = {
			isa = PBXProject;
			attributes = {
				LastUpgradeCheck = 0930;
				ORGANIZATIONNAME = "杜洁鹏";
				TargetAttributes = {
					90B82A2C20B6AB64000540F9 = {
						CreatedOnToolsVersion = 9.3;
					};
				};
			};
			buildConfigurationList = 90B82A2820B6AB64000540F9 /* Build configuration list for PBXProject "HDUIKit" */;
			compatibilityVersion = "Xcode 9.3";
			developmentRegion = en;
			hasScannedForEncodings = 0;
			knownRegions = (
				en,
				Base,
			);
			mainGroup = 90B82A2420B6AB64000540F9;
			productRefGroup = 90B82A2E20B6AB64000540F9 /* Products */;
			projectDirPath = "";
			projectRoot = "";
			targets = (
				90B82A2C20B6AB64000540F9 /* HDUIKit */,
			);
		};
/* End PBXProject section */

/* Begin PBXResourcesBuildPhase section */
		90B82A2B20B6AB64000540F9 /* Resources */ = {
			isa = PBXResourcesBuildPhase;
			buildActionMask = 2147483647;
			files = (
				90B82A3D20B6AB65000540F9 /* LaunchScreen.storyboard in Resources */,
				90B82A3A20B6AB65000540F9 /* Assets.xcassets in Resources */,
				90B82A3820B6AB64000540F9 /* Main.storyboard in Resources */,
			);
			runOnlyForDeploymentPostprocessing = 0;
		};
/* End PBXResourcesBuildPhase section */

/* Begin PBXSourcesBuildPhase section */
		90B82A2920B6AB64000540F9 /* Sources */ = {
			isa = PBXSourcesBuildPhase;
			buildActionMask = 2147483647;
			files = (
				90B82A5220B6ADB7000540F9 /* HDMessageViewController.m in Sources */,
				90C6D6F120B6D80A00F773D3 /* HDNavigationController.m in Sources */,
				90B82A3520B6AB64000540F9 /* ViewController.m in Sources */,
				90B82A4020B6AB65000540F9 /* main.m in Sources */,
				90C6D6ED20B6D60400F773D3 /* HDToolBar.m in Sources */,
				90B82A3220B6AB64000540F9 /* AppDelegate.m in Sources */,
			);
			runOnlyForDeploymentPostprocessing = 0;
		};
/* End PBXSourcesBuildPhase section */

/* Begin PBXVariantGroup section */
		90B82A3620B6AB64000540F9 /* Main.storyboard */ = {
			isa = PBXVariantGroup;
			children = (
				90B82A3720B6AB64000540F9 /* Base */,
			);
			name = Main.storyboard;
			sourceTree = "<group>";
		};
		90B82A3B20B6AB65000540F9 /* LaunchScreen.storyboard */ = {
			isa = PBXVariantGroup;
			children = (
				90B82A3C20B6AB65000540F9 /* Base */,
			);
			name = LaunchScreen.storyboard;
			sourceTree = "<group>";
		};
/* End PBXVariantGroup section */

/* Begin XCBuildConfiguration section */
		90B82A4120B6AB65000540F9 /* Debug */ = {
			isa = XCBuildConfiguration;
			buildSettings = {
				ALWAYS_SEARCH_USER_PATHS = NO;
				CLANG_ANALYZER_NONNULL = YES;
				CLANG_ANALYZER_NUMBER_OBJECT_CONVERSION = YES_AGGRESSIVE;
				CLANG_CXX_LANGUAGE_STANDARD = "gnu++14";
				CLANG_CXX_LIBRARY = "libc++";
				CLANG_ENABLE_MODULES = YES;
				CLANG_ENABLE_OBJC_ARC = YES;
				CLANG_ENABLE_OBJC_WEAK = YES;
				CLANG_WARN_BLOCK_CAPTURE_AUTORELEASING = YES;
				CLANG_WARN_BOOL_CONVERSION = YES;
				CLANG_WARN_COMMA = YES;
				CLANG_WARN_CONSTANT_CONVERSION = YES;
				CLANG_WARN_DEPRECATED_OBJC_IMPLEMENTATIONS = YES;
				CLANG_WARN_DIRECT_OBJC_ISA_USAGE = YES_ERROR;
				CLANG_WARN_DOCUMENTATION_COMMENTS = YES;
				CLANG_WARN_EMPTY_BODY = YES;
				CLANG_WARN_ENUM_CONVERSION = YES;
				CLANG_WARN_INFINITE_RECURSION = YES;
				CLANG_WARN_INT_CONVERSION = YES;
				CLANG_WARN_NON_LITERAL_NULL_CONVERSION = YES;
				CLANG_WARN_OBJC_IMPLICIT_RETAIN_SELF = YES;
				CLANG_WARN_OBJC_LITERAL_CONVERSION = YES;
				CLANG_WARN_OBJC_ROOT_CLASS = YES_ERROR;
				CLANG_WARN_RANGE_LOOP_ANALYSIS = YES;
				CLANG_WARN_STRICT_PROTOTYPES = YES;
				CLANG_WARN_SUSPICIOUS_MOVE = YES;
				CLANG_WARN_UNGUARDED_AVAILABILITY = YES_AGGRESSIVE;
				CLANG_WARN_UNREACHABLE_CODE = YES;
				CLANG_WARN__DUPLICATE_METHOD_MATCH = YES;
				CODE_SIGN_IDENTITY = "iPhone Developer";
				COPY_PHASE_STRIP = NO;
				DEBUG_INFORMATION_FORMAT = dwarf;
				ENABLE_STRICT_OBJC_MSGSEND = YES;
				ENABLE_TESTABILITY = YES;
				GCC_C_LANGUAGE_STANDARD = gnu11;
				GCC_DYNAMIC_NO_PIC = NO;
				GCC_NO_COMMON_BLOCKS = YES;
				GCC_OPTIMIZATION_LEVEL = 0;
				GCC_PREPROCESSOR_DEFINITIONS = (
					"DEBUG=1",
					"$(inherited)",
				);
				GCC_WARN_64_TO_32_BIT_CONVERSION = YES;
				GCC_WARN_ABOUT_RETURN_TYPE = YES_ERROR;
				GCC_WARN_UNDECLARED_SELECTOR = YES;
				GCC_WARN_UNINITIALIZED_AUTOS = YES_AGGRESSIVE;
				GCC_WARN_UNUSED_FUNCTION = YES;
				GCC_WARN_UNUSED_VARIABLE = YES;
				IPHONEOS_DEPLOYMENT_TARGET = 11.3;
				MTL_ENABLE_DEBUG_INFO = YES;
				ONLY_ACTIVE_ARCH = YES;
				SDKROOT = iphoneos;
			};
			name = Debug;
		};
		90B82A4220B6AB65000540F9 /* Release */ = {
			isa = XCBuildConfiguration;
			buildSettings = {
				ALWAYS_SEARCH_USER_PATHS = NO;
				CLANG_ANALYZER_NONNULL = YES;
				CLANG_ANALYZER_NUMBER_OBJECT_CONVERSION = YES_AGGRESSIVE;
				CLANG_CXX_LANGUAGE_STANDARD = "gnu++14";
				CLANG_CXX_LIBRARY = "libc++";
				CLANG_ENABLE_MODULES = YES;
				CLANG_ENABLE_OBJC_ARC = YES;
				CLANG_ENABLE_OBJC_WEAK = YES;
				CLANG_WARN_BLOCK_CAPTURE_AUTORELEASING = YES;
				CLANG_WARN_BOOL_CONVERSION = YES;
				CLANG_WARN_COMMA = YES;
				CLANG_WARN_CONSTANT_CONVERSION = YES;
				CLANG_WARN_DEPRECATED_OBJC_IMPLEMENTATIONS = YES;
				CLANG_WARN_DIRECT_OBJC_ISA_USAGE = YES_ERROR;
				CLANG_WARN_DOCUMENTATION_COMMENTS = YES;
				CLANG_WARN_EMPTY_BODY = YES;
				CLANG_WARN_ENUM_CONVERSION = YES;
				CLANG_WARN_INFINITE_RECURSION = YES;
				CLANG_WARN_INT_CONVERSION = YES;
				CLANG_WARN_NON_LITERAL_NULL_CONVERSION = YES;
				CLANG_WARN_OBJC_IMPLICIT_RETAIN_SELF = YES;
				CLANG_WARN_OBJC_LITERAL_CONVERSION = YES;
				CLANG_WARN_OBJC_ROOT_CLASS = YES_ERROR;
				CLANG_WARN_RANGE_LOOP_ANALYSIS = YES;
				CLANG_WARN_STRICT_PROTOTYPES = YES;
				CLANG_WARN_SUSPICIOUS_MOVE = YES;
				CLANG_WARN_UNGUARDED_AVAILABILITY = YES_AGGRESSIVE;
				CLANG_WARN_UNREACHABLE_CODE = YES;
				CLANG_WARN__DUPLICATE_METHOD_MATCH = YES;
				CODE_SIGN_IDENTITY = "iPhone Developer";
				COPY_PHASE_STRIP = NO;
				DEBUG_INFORMATION_FORMAT = "dwarf-with-dsym";
				ENABLE_NS_ASSERTIONS = NO;
				ENABLE_STRICT_OBJC_MSGSEND = YES;
				GCC_C_LANGUAGE_STANDARD = gnu11;
				GCC_NO_COMMON_BLOCKS = YES;
				GCC_WARN_64_TO_32_BIT_CONVERSION = YES;
				GCC_WARN_ABOUT_RETURN_TYPE = YES_ERROR;
				GCC_WARN_UNDECLARED_SELECTOR = YES;
				GCC_WARN_UNINITIALIZED_AUTOS = YES_AGGRESSIVE;
				GCC_WARN_UNUSED_FUNCTION = YES;
				GCC_WARN_UNUSED_VARIABLE = YES;
				IPHONEOS_DEPLOYMENT_TARGET = 11.3;
				MTL_ENABLE_DEBUG_INFO = NO;
				SDKROOT = iphoneos;
				VALIDATE_PRODUCT = YES;
			};
			name = Release;
		};
		90B82A4420B6AB65000540F9 /* Debug */ = {
			isa = XCBuildConfiguration;
			buildSettings = {
				ASSETCATALOG_COMPILER_APPICON_NAME = AppIcon;
				CODE_SIGN_STYLE = Automatic;
				DEVELOPMENT_TEAM = 499WYUV8Q2;
				INFOPLIST_FILE = HDUIKit/Info.plist;
				LD_RUNPATH_SEARCH_PATHS = (
					"$(inherited)",
					"@executable_path/Frameworks",
				);
				PRODUCT_BUNDLE_IDENTIFIER = com.easemob.du.HDUIKit;
				PRODUCT_NAME = "$(TARGET_NAME)";
				TARGETED_DEVICE_FAMILY = "1,2";
			};
			name = Debug;
		};
		90B82A4520B6AB65000540F9 /* Release */ = {
			isa = XCBuildConfiguration;
			buildSettings = {
				ASSETCATALOG_COMPILER_APPICON_NAME = AppIcon;
				CODE_SIGN_STYLE = Automatic;
				DEVELOPMENT_TEAM = 499WYUV8Q2;
				INFOPLIST_FILE = HDUIKit/Info.plist;
				LD_RUNPATH_SEARCH_PATHS = (
					"$(inherited)",
					"@executable_path/Frameworks",
				);
				PRODUCT_BUNDLE_IDENTIFIER = com.easemob.du.HDUIKit;
				PRODUCT_NAME = "$(TARGET_NAME)";
				TARGETED_DEVICE_FAMILY = "1,2";
			};
			name = Release;
		};
/* End XCBuildConfiguration section */

/* Begin XCConfigurationList section */
		90B82A2820B6AB64000540F9 /* Build configuration list for PBXProject "HDUIKit" */ = {
			isa = XCConfigurationList;
			buildConfigurations = (
				90B82A4120B6AB65000540F9 /* Debug */,
				90B82A4220B6AB65000540F9 /* Release */,
			);
			defaultConfigurationIsVisible = 0;
			defaultConfigurationName = Release;
		};
		90B82A4320B6AB65000540F9 /* Build configuration list for PBXNativeTarget "HDUIKit" */ = {
			isa = XCConfigurationList;
			buildConfigurations = (
				90B82A4420B6AB65000540F9 /* Debug */,
				90B82A4520B6AB65000540F9 /* Release */,
			);
			defaultConfigurationIsVisible = 0;
			defaultConfigurationName = Release;
		};
/* End XCConfigurationList section */
	};
	rootObject = 90B82A2520B6AB64000540F9 /* Project object */;
}
